// !$*UTF8*$!
{
	archiveVersion = 1;
	classes = {
	};
	objectVersion = 46;
	objects = {

/* Begin PBXBuildFile section */
		9C1EADD81C777DCA00F9FA6A /* Assets.xcassets in Resources */ = {isa = PBXBuildFile; fileRef = 9C1EADD71C777DCA00F9FA6A /* Assets.xcassets */; };
		9C1EADDD1C77887A00F9FA6A /* DetailViewController.swift in Sources */ = {isa = PBXBuildFile; fileRef = 9C1EADDC1C77887A00F9FA6A /* DetailViewController.swift */; };
		9C1EADDF1C778E6400F9FA6A /* Vargaft.mp3 in Resources */ = {isa = PBXBuildFile; fileRef = 9C1EADDE1C778E6400F9FA6A /* Vargaft.mp3 */; };
		9C1EADE11C778EA400F9FA6A /* Wonderwall.mp3 in Resources */ = {isa = PBXBuildFile; fileRef = 9C1EADE01C778EA400F9FA6A /* Wonderwall.mp3 */; };
		9C1EADE31C778EC600F9FA6A /* Acoustic_sunset.mp3 in Resources */ = {isa = PBXBuildFile; fileRef = 9C1EADE21C778EC600F9FA6A /* Acoustic_sunset.mp3 */; };
		9C1EADE51C778ECB00F9FA6A /* Emotional_piano.mp3 in Resources */ = {isa = PBXBuildFile; fileRef = 9C1EADE41C778ECB00F9FA6A /* Emotional_piano.mp3 */; };
		9C1EADE71C778F4300F9FA6A /* Sun_Models.mp3 in Resources */ = {isa = PBXBuildFile; fileRef = 9C1EADE61C778F4300F9FA6A /* Sun_Models.mp3 */; };
		9CD903BF1C75A40B00F2A740 /* AppDelegate.swift in Sources */ = {isa = PBXBuildFile; fileRef = 9CD903BE1C75A40B00F2A740 /* AppDelegate.swift */; };
		9CD903C41C75A40B00F2A740 /* Main.storyboard in Resources */ = {isa = PBXBuildFile; fileRef = 9CD903C21C75A40B00F2A740 /* Main.storyboard */; };
		9CD903C91C75A40B00F2A740 /* LaunchScreen.storyboard in Resources */ = {isa = PBXBuildFile; fileRef = 9CD903C71C75A40B00F2A740 /* LaunchScreen.storyboard */; };
		9CD903D11C75A5BC00F2A740 /* TableViewController.swift in Sources */ = {isa = PBXBuildFile; fileRef = 9CD903D01C75A5BC00F2A740 /* TableViewController.swift */; };
		9CD903D31C75A5C600F2A740 /* Modelo.swift in Sources */ = {isa = PBXBuildFile; fileRef = 9CD903D21C75A5C600F2A740 /* Modelo.swift */; };
		9CD903D61C770CAB00F2A740 /* BackgroundView.swift in Sources */ = {isa = PBXBuildFile; fileRef = 9CD903D51C770CAB00F2A740 /* BackgroundView.swift */; };
		9CD903DA1C770DB500F2A740 /* TableViewCell.swift in Sources */ = {isa = PBXBuildFile; fileRef = 9CD903D91C770DB500F2A740 /* TableViewCell.swift */; };
/* End PBXBuildFile section */

/* Begin PBXFileReference section */
		9C1EADD71C777DCA00F9FA6A /* Assets.xcassets */ = {isa = PBXFileReference; lastKnownFileType = folder.assetcatalog; name = Assets.xcassets; path = reproductorMusica/Assets.xcassets; sourceTree = "<group>"; };
		9C1EADDC1C77887A00F9FA6A /* DetailViewController.swift */ = {isa = PBXFileReference; fileEncoding = 4; lastKnownFileType = sourcecode.swift; path = DetailViewController.swift; sourceTree = "<group>"; };
		9C1EADDE1C778E6400F9FA6A /* Vargaft.mp3 */ = {isa = PBXFileReference; lastKnownFileType = audio.mp3; path = Vargaft.mp3; sourceTree = "<group>"; };
		9C1EADE01C778EA400F9FA6A /* Wonderwall.mp3 */ = {isa = PBXFileReference; lastKnownFileType = audio.mp3; name = Wonderwall.mp3; path = reproductorMusica/Wonderwall.mp3; sourceTree = "<group>"; };
		9C1EADE21C778EC600F9FA6A /* Acoustic_sunset.mp3 */ = {isa = PBXFileReference; lastKnownFileType = audio.mp3; path = Acoustic_sunset.mp3; sourceTree = "<group>"; };
		9C1EADE41C778ECB00F9FA6A /* Emotional_piano.mp3 */ = {isa = PBXFileReference; lastKnownFileType = audio.mp3; path = Emotional_piano.mp3; sourceTree = "<group>"; };
		9C1EADE61C778F4300F9FA6A /* Sun_Models.mp3 */ = {isa = PBXFileReference; lastKnownFileType = audio.mp3; path = Sun_Models.mp3; sourceTree = "<group>"; };
		9CD903BB1C75A40B00F2A740 /* reproductorMusica.app */ = {isa = PBXFileReference; explicitFileType = wrapper.application; includeInIndex = 0; path = reproductorMusica.app; sourceTree = BUILT_PRODUCTS_DIR; };
		9CD903BE1C75A40B00F2A740 /* AppDelegate.swift */ = {isa = PBXFileReference; lastKnownFileType = sourcecode.swift; path = AppDelegate.swift; sourceTree = "<group>"; };
		9CD903C31C75A40B00F2A740 /* Base */ = {isa = PBXFileReference; lastKnownFileType = file.storyboard; name = Base; path = Base.lproj/Main.storyboard; sourceTree = "<group>"; };
		9CD903C81C75A40B00F2A740 /* Base */ = {isa = PBXFileReference; lastKnownFileType = file.storyboard; name = Base; path = Base.lproj/LaunchScreen.storyboard; sourceTree = "<group>"; };
		9CD903CA1C75A40B00F2A740 /* Info.plist */ = {isa = PBXFileReference; lastKnownFileType = text.plist.xml; path = Info.plist; sourceTree = "<group>"; };
		9CD903D01C75A5BC00F2A740 /* TableViewController.swift */ = {isa = PBXFileReference; fileEncoding = 4; lastKnownFileType = sourcecode.swift; path = TableViewController.swift; sourceTree = "<group>"; };
		9CD903D21C75A5C600F2A740 /* Modelo.swift */ = {isa = PBXFileReference; fileEncoding = 4; lastKnownFileType = sourcecode.swift; path = Modelo.swift; sourceTree = "<group>"; };
		9CD903D51C770CAB00F2A740 /* BackgroundView.swift */ = {isa = PBXFileReference; fileEncoding = 4; lastKnownFileType = sourcecode.swift; path = BackgroundView.swift; sourceTree = "<group>"; };
		9CD903D91C770DB500F2A740 /* TableViewCell.swift */ = {isa = PBXFileReference; fileEncoding = 4; lastKnownFileType = sourcecode.swift; path = TableViewCell.swift; sourceTree = "<group>"; };
/* End PBXFileReference section */

/* Begin PBXFrameworksBuildPhase section */
		9CD903B81C75A40A00F2A740 /* Frameworks */ = {
			isa = PBXFrameworksBuildPhase;
			buildActionMask = 2147483647;
			files = (
			);
			runOnlyForDeploymentPostprocessing = 0;
		};
/* End PBXFrameworksBuildPhase section */

/* Begin PBXGroup section */
		9C1EADD41C777ABC00F9FA6A /* Musica */ = {
			isa = PBXGroup;
			children = (
				9C1EADE61C778F4300F9FA6A /* Sun_Models.mp3 */,
				9C1EADE21C778EC600F9FA6A /* Acoustic_sunset.mp3 */,
				9C1EADE41C778ECB00F9FA6A /* Emotional_piano.mp3 */,
				9C1EADDE1C778E6400F9FA6A /* Vargaft.mp3 */,
				9C1EADE01C778EA400F9FA6A /* Wonderwall.mp3 */,
			);
			name = Musica;
			sourceTree = "<group>";
		};
		9CD903B21C75A40900F2A740 = {
			isa = PBXGroup;
			children = (
				9C1EADD71C777DCA00F9FA6A /* Assets.xcassets */,
				9C1EADD41C777ABC00F9FA6A /* Musica */,
				9CD903BD1C75A40B00F2A740 /* reproductorMusica */,
				9CD903BC1C75A40B00F2A740 /* Products */,
			);
			sourceTree = "<group>";
		};
		9CD903BC1C75A40B00F2A740 /* Products */ = {
			isa = PBXGroup;
			children = (
				9CD903BB1C75A40B00F2A740 /* reproductorMusica.app */,
			);
			name = Products;
			sourceTree = "<group>";
		};
		9CD903BD1C75A40B00F2A740 /* reproductorMusica */ = {
			isa = PBXGroup;
			children = (
				9CD903BE1C75A40B00F2A740 /* AppDelegate.swift */,
				9CD903C21C75A40B00F2A740 /* Main.storyboard */,
				9CD903C71C75A40B00F2A740 /* LaunchScreen.storyboard */,
				9CD903CA1C75A40B00F2A740 /* Info.plist */,
				9CD903D01C75A5BC00F2A740 /* TableViewController.swift */,
				9C1EADDC1C77887A00F9FA6A /* DetailViewController.swift */,
				9CD903D21C75A5C600F2A740 /* Modelo.swift */,
				9CD903D51C770CAB00F2A740 /* BackgroundView.swift */,
				9CD903D91C770DB500F2A740 /* TableViewCell.swift */,
			);
			path = reproductorMusica;
			sourceTree = "<group>";
		};
/* End PBXGroup section */

/* Begin PBXNativeTarget section */
		9CD903BA1C75A40A00F2A740 /* reproductorMusica */ = {
			isa = PBXNativeTarget;
			buildConfigurationList = 9CD903CD1C75A40B00F2A740 /* Build configuration list for PBXNativeTarget "reproductorMusica" */;
			buildPhases = (
				9CD903B71C75A40A00F2A740 /* Sources */,
				9CD903B81C75A40A00F2A740 /* Frameworks */,
				9CD903B91C75A40A00F2A740 /* Resources */,
			);
			buildRules = (
			);
			dependencies = (
			);
			name = reproductorMusica;
			productName = reproductorMusica;
			productReference = 9CD903BB1C75A40B00F2A740 /* reproductorMusica.app */;
			productType = "com.apple.product-type.application";
		};
/* End PBXNativeTarget section */

/* Begin PBXProject section */
		9CD903B31C75A40A00F2A740 /* Project object */ = {
			isa = PBXProject;
			attributes = {
				LastSwiftUpdateCheck = 0720;
				LastUpgradeCheck = 0720;
				ORGANIZATIONNAME = "Josman Perez";
				TargetAttributes = {
					9CD903BA1C75A40A00F2A740 = {
						CreatedOnToolsVersion = 7.2.1;
					};
				};
			};
			buildConfigurationList = 9CD903B61C75A40A00F2A740 /* Build configuration list for PBXProject "reproductorMusica" */;
			compatibilityVersion = "Xcode 3.2";
			developmentRegion = English;
			hasScannedForEncodings = 0;
			knownRegions = (
				en,
				Base,
			);
			mainGroup = 9CD903B21C75A40900F2A740;
			productRefGroup = 9CD903BC1C75A40B00F2A740 /* Products */;
			projectDirPath = "";
			projectRoot = "";
			targets = (
				9CD903BA1C75A40A00F2A740 /* reproductorMusica */,
			);
		};
/* End PBXProject section */

/* Begin PBXResourcesBuildPhase section */
		9CD903B91C75A40A00F2A740 /* Resources */ = {
			isa = PBXResourcesBuildPhase;
			buildActionMask = 2147483647;
			files = (
				9CD903C91C75A40B00F2A740 /* LaunchScreen.storyboard in Resources */,
				9C1EADD81C777DCA00F9FA6A /* Assets.xcassets in Resources */,
				9C1EADE51C778ECB00F9FA6A /* Emotional_piano.mp3 in Resources */,
				9C1EADE31C778EC600F9FA6A /* Acoustic_sunset.mp3 in Resources */,
				9CD903C41C75A40B00F2A740 /* Main.storyboard in Resources */,
				9C1EADE71C778F4300F9FA6A /* Sun_Models.mp3 in Resources */,
				9C1EADDF1C778E6400F9FA6A /* Vargaft.mp3 in Resources */,
				9C1EADE11C778EA400F9FA6A /* Wonderwall.mp3 in Resources */,
			);
			runOnlyForDeploymentPostprocessing = 0;
		};
/* End PBXResourcesBuildPhase section */

/* Begin PBXSourcesBuildPhase section */
		9CD903B71C75A40A00F2A740 /* Sources */ = {
			isa = PBXSourcesBuildPhase;
			buildActionMask = 2147483647;
			files = (
				9CD903DA1C770DB500F2A740 /* TableViewCell.swift in Sources */,
				9CD903D31C75A5C600F2A740 /* Modelo.swift in Sources */,
				9CD903BF1C75A40B00F2A740 /* AppDelegate.swift in Sources */,
				9C1EADDD1C77887A00F9FA6A /* DetailViewController.swift in Sources */,
				9CD903D61C770CAB00F2A740 /* BackgroundView.swift in Sources */,
				9CD903D11C75A5BC00F2A740 /* TableViewController.swift in Sources */,
			);
			runOnlyForDeploymentPostprocessing = 0;
		};
/* End PBXSourcesBuildPhase section */

/* Begin PBXVariantGroup section */
		9CD903C21C75A40B00F2A740 /* Main.storyboard */ = {
			isa = PBXVariantGroup;
			children = (
				9CD903C31C75A40B00F2A740 /* Base */,
			);
			name = Main.storyboard;
			sourceTree = "<group>";
		};
		9CD903C71C75A40B00F2A740 /* LaunchScreen.storyboard */ = {
			isa = PBXVariantGroup;
			children = (
				9CD903C81C75A40B00F2A740 /* Base */,
			);
			name = LaunchScreen.storyboard;
			sourceTree = "<group>";
		};
/* End PBXVariantGroup section */

/* Begin XCBuildConfiguration section */
		9CD903CB1C75A40B00F2A740 /* Debug */ = {
			isa = XCBuildConfiguration;
			buildSettings = {
				ALWAYS_SEARCH_USER_PATHS = NO;
				CLANG_CXX_LANGUAGE_STANDARD = "gnu++0x";
				CLANG_CXX_LIBRARY = "libc++";
				CLANG_ENABLE_MODULES = YES;
				CLANG_ENABLE_OBJC_ARC = YES;
				CLANG_WARN_BOOL_CONVERSION = YES;
				CLANG_WARN_CONSTANT_CONVERSION = YES;
				CLANG_WARN_DIRECT_OBJC_ISA_USAGE = YES_ERROR;
				CLANG_WARN_EMPTY_BODY = YES;
				CLANG_WARN_ENUM_CONVERSION = YES;
				CLANG_WARN_INT_CONVERSION = YES;
				CLANG_WARN_OBJC_ROOT_CLASS = YES_ERROR;
				CLANG_WARN_UNREACHABLE_CODE = YES;
				CLANG_WARN__DUPLICATE_METHOD_MATCH = YES;
				"CODE_SIGN_IDENTITY[sdk=iphoneos*]" = "iPhone Developer";
				COPY_PHASE_STRIP = NO;
				DEBUG_INFORMATION_FORMAT = dwarf;
				ENABLE_STRICT_OBJC_MSGSEND = YES;
				ENABLE_TESTABILITY = YES;
				GCC_C_LANGUAGE_STANDARD = gnu99;
				GCC_DYNAMIC_NO_PIC = NO;
				GCC_NO_COMMON_BLOCKS = YES;
				GCC_OPTIMIZATION_LEVEL = 0;
				GCC_PREPROCESSOR_DEFINITIONS = (
					"DEBUG=1",
					"$(inherited)",
				);
				GCC_WARN_64_TO_32_BIT_CONVERSION = YES;
				GCC_WARN_ABOUT_RETURN_TYPE = YES_ERROR;
				GCC_WARN_UNDECLARED_SELECTOR = YES;
				GCC_WARN_UNINITIALIZED_AUTOS = YES_AGGRESSIVE;
				GCC_WARN_UNUSED_FUNCTION = YES;
				GCC_WARN_UNUSED_VARIABLE = YES;
				IPHONEOS_DEPLOYMENT_TARGET = 9.2;
				MTL_ENABLE_DEBUG_INFO = YES;
				ONLY_ACTIVE_ARCH = YES;
				SDKROOT = iphoneos;
				SWIFT_OPTIMIZATION_LEVEL = "-Onone";
			};
			name = Debug;
		};
		9CD903CC1C75A40B00F2A740 /* Release */ = {
			isa = XCBuildConfiguration;
			buildSettings = {
				ALWAYS_SEARCH_USER_PATHS = NO;
				CLANG_CXX_LANGUAGE_STANDARD = "gnu++0x";
				CLANG_CXX_LIBRARY = "libc++";
				CLANG_ENABLE_MODULES = YES;
				CLANG_ENABLE_OBJC_ARC = YES;
				CLANG_WARN_BOOL_CONVERSION = YES;
				CLANG_WARN_CONSTANT_CONVERSION = YES;
				CLANG_WARN_DIRECT_OBJC_ISA_USAGE = YES_ERROR;
				CLANG_WARN_EMPTY_BODY = YES;
				CLANG_WARN_ENUM_CONVERSION = YES;
				CLANG_WARN_INT_CONVERSION = YES;
				CLANG_WARN_OBJC_ROOT_CLASS = YES_ERROR;
				CLANG_WARN_UNREACHABLE_CODE = YES;
				CLANG_WARN__DUPLICATE_METHOD_MATCH = YES;
				"CODE_SIGN_IDENTITY[sdk=iphoneos*]" = "iPhone Developer";
				COPY_PHASE_STRIP = NO;
				DEBUG_INFORMATION_FORMAT = "dwarf-with-dsym";
				ENABLE_NS_ASSERTIONS = NO;
				ENABLE_STRICT_OBJC_MSGSEND = YES;
				GCC_C_LANGUAGE_STANDARD = gnu99;
				GCC_NO_COMMON_BLOCKS = YES;
				GCC_WARN_64_TO_32_BIT_CONVERSION = YES;
				GCC_WARN_ABOUT_RETURN_TYPE = YES_ERROR;
				GCC_WARN_UNDECLARED_SELECTOR = YES;
				GCC_WARN_UNINITIALIZED_AUTOS = YES_AGGRESSIVE;
				GCC_WARN_UNUSED_FUNCTION = YES;
				GCC_WARN_UNUSED_VARIABLE = YES;
				IPHONEOS_DEPLOYMENT_TARGET = 9.2;
				MTL_ENABLE_DEBUG_INFO = NO;
				SDKROOT = iphoneos;
				VALIDATE_PRODUCT = YES;
			};
			name = Release;
		};
		9CD903CE1C75A40B00F2A740 /* Debug */ = {
			isa = XCBuildConfiguration;
			buildSettings = {
				ASSETCATALOG_COMPILER_APPICON_NAME = AppIcon;
				INFOPLIST_FILE = reproductorMusica/Info.plist;
				LD_RUNPATH_SEARCH_PATHS = "$(inherited) @executable_path/Frameworks";
				PRODUCT_BUNDLE_IDENTIFIER = com.josmanperez.reproductorMusica;
				PRODUCT_NAME = "$(TARGET_NAME)";
			};
			name = Debug;
		};
		9CD903CF1C75A40B00F2A740 /* Release */ = {
			isa = XCBuildConfiguration;
			buildSettings = {
				ASSETCATALOG_COMPILER_APPICON_NAME = AppIcon;
				INFOPLIST_FILE = reproductorMusica/Info.plist;
				LD_RUNPATH_SEARCH_PATHS = "$(inherited) @executable_path/Frameworks";
				PRODUCT_BUNDLE_IDENTIFIER = com.josmanperez.reproductorMusica;
				PRODUCT_NAME = "$(TARGET_NAME)";
			};
			name = Release;
		};
/* End XCBuildConfiguration section */

/* Begin XCConfigurationList section */
		9CD903B61C75A40A00F2A740 /* Build configuration list for PBXProject "reproductorMusica" */ = {
			isa = XCConfigurationList;
			buildConfigurations = (
				9CD903CB1C75A40B00F2A740 /* Debug */,
				9CD903CC1C75A40B00F2A740 /* Release */,
			);
			defaultConfigurationIsVisible = 0;
			defaultConfigurationName = Release;
		};
		9CD903CD1C75A40B00F2A740 /* Build configuration list for PBXNativeTarget "reproductorMusica" */ = {
			isa = XCConfigurationList;
			buildConfigurations = (
				9CD903CE1C75A40B00F2A740 /* Debug */,
				9CD903CF1C75A40B00F2A740 /* Release */,
			);
			defaultConfigurationIsVisible = 0;
			defaultConfigurationName = Release;
		};
/* End XCConfigurationList section */
	};
	rootObject = 9CD903B31C75A40A00F2A740 /* Project object */;
}
